
Microsoft Visual Studio Solution File, Format Version 12.00
# Visual Studio Version 16
VisualStudioVersion = 16.0.30717.126
MinimumVisualStudioVersion = 10.0.40219.1
Project("{FAE04EC0-301F-11D3-BF4B-00C04F79EFBC}") = "Recycle", "B1Rec\Recycle.csproj", "{42FEFEAE-5F0B-4FB6-8A14-8C0F3D8FA36C}"
EndProject
Global
	GlobalSection(SolutionConfigurationPlatforms) = preSolution
		Debug|Any CPU = Debug|Any CPU
		Release|Any CPU = Release|Any CPU
	EndGlobalSection
	GlobalSection(ProjectConfigurationPlatforms) = postSolution
		{42FEFEAE-5F0B-4FB6-8A14-8C0F3D8FA36C}.Debug|Any CPU.ActiveCfg = Debug|Any CPU
		{42FEFEAE-5F0B-4FB6-8A14-8C0F3D8FA36C}.Debug|Any CPU.Build.0 = Debug|Any CPU
		{42FEFEAE-5F0B-4FB6-8A14-8C0F3D8FA36C}.Release|Any CPU.ActiveCfg = Release|Any CPU
		{42FEFEAE-5F0B-4FB6-8A14-8C0F3D8FA36C}.Release|Any CPU.Build.0 = Release|Any CPU
	EndGlobalSection
	GlobalSection(SolutionProperties) = preSolution
		HideSolutionNode = FALSE
	EndGlobalSection
	GlobalSection(ExtensibilityGlobals) = postSolution
		SolutionGuid = {1B4E5877-DFEB-4455-B919-3E58EC2876FB}
	EndGlobalSection
EndGlobal
